// !$*UTF8*$!
{
	archiveVersion = 1;
	classes = {
	};
	objectVersion = 56;
	objects = {

/* Begin PBXBuildFile section */
		EEB8958B2AA1F5ED00480880 /* SwiftUIConceptsApp.swift in Sources */ = {isa = PBXBuildFile; fileRef = EEB8958A2AA1F5ED00480880 /* SwiftUIConceptsApp.swift */; };
		EEB8958D2AA1F5ED00480880 /* ContentView.swift in Sources */ = {isa = PBXBuildFile; fileRef = EEB8958C2AA1F5ED00480880 /* ContentView.swift */; };
		EEB8958F2AA1F5F000480880 /* Assets.xcassets in Resources */ = {isa = PBXBuildFile; fileRef = EEB8958E2AA1F5F000480880 /* Assets.xcassets */; };
		EEB895922AA1F5F000480880 /* Preview Assets.xcassets in Resources */ = {isa = PBXBuildFile; fileRef = EEB895912AA1F5F000480880 /* Preview Assets.xcassets */; };
		EEB8959C2AA1F5F100480880 /* SwiftUIConceptsTests.swift in Sources */ = {isa = PBXBuildFile; fileRef = EEB8959B2AA1F5F100480880 /* SwiftUIConceptsTests.swift */; };
		EEB895A62AA1F5F100480880 /* SwiftUIConceptsUITests.swift in Sources */ = {isa = PBXBuildFile; fileRef = EEB895A52AA1F5F100480880 /* SwiftUIConceptsUITests.swift */; };
		EEB895A82AA1F5F100480880 /* SwiftUIConceptsUITestsLaunchTests.swift in Sources */ = {isa = PBXBuildFile; fileRef = EEB895A72AA1F5F100480880 /* SwiftUIConceptsUITestsLaunchTests.swift */; };
		EEB895B52AA1F64500480880 /* SwiftUIViewObserv.swift in Sources */ = {isa = PBXBuildFile; fileRef = EEB895B42AA1F64500480880 /* SwiftUIViewObserv.swift */; };
		EEB895B72AA1F85D00480880 /* SwiftUIViewObserv_Error.swift in Sources */ = {isa = PBXBuildFile; fileRef = EEB895B62AA1F85D00480880 /* SwiftUIViewObserv_Error.swift */; };
/* End PBXBuildFile section */

/* Begin PBXContainerItemProxy section */
		EEB895982AA1F5F000480880 /* PBXContainerItemProxy */ = {
			isa = PBXContainerItemProxy;
			containerPortal = EEB8957F2AA1F5ED00480880 /* Project object */;
			proxyType = 1;
			remoteGlobalIDString = EEB895862AA1F5ED00480880;
			remoteInfo = SwiftUIConcepts;
		};
		EEB895A22AA1F5F100480880 /* PBXContainerItemProxy */ = {
			isa = PBXContainerItemProxy;
			containerPortal = EEB8957F2AA1F5ED00480880 /* Project object */;
			proxyType = 1;
			remoteGlobalIDString = EEB895862AA1F5ED00480880;
			remoteInfo = SwiftUIConcepts;
		};
/* End PBXContainerItemProxy section */

/* Begin PBXFileReference section */
		EEB895872AA1F5ED00480880 /* SwiftUIConcepts.app */ = {isa = PBXFileReference; explicitFileType = wrapper.application; includeInIndex = 0; path = SwiftUIConcepts.app; sourceTree = BUILT_PRODUCTS_DIR; };
		EEB8958A2AA1F5ED00480880 /* SwiftUIConceptsApp.swift */ = {isa = PBXFileReference; lastKnownFileType = sourcecode.swift; path = SwiftUIConceptsApp.swift; sourceTree = "<group>"; };
		EEB8958C2AA1F5ED00480880 /* ContentView.swift */ = {isa = PBXFileReference; lastKnownFileType = sourcecode.swift; path = ContentView.swift; sourceTree = "<group>"; };
		EEB8958E2AA1F5F000480880 /* Assets.xcassets */ = {isa = PBXFileReference; lastKnownFileType = folder.assetcatalog; path = Assets.xcassets; sourceTree = "<group>"; };
		EEB895912AA1F5F000480880 /* Preview Assets.xcassets */ = {isa = PBXFileReference; lastKnownFileType = folder.assetcatalog; path = "Preview Assets.xcassets"; sourceTree = "<group>"; };
		EEB895972AA1F5F000480880 /* SwiftUIConceptsTests.xctest */ = {isa = PBXFileReference; explicitFileType = wrapper.cfbundle; includeInIndex = 0; path = SwiftUIConceptsTests.xctest; sourceTree = BUILT_PRODUCTS_DIR; };
		EEB8959B2AA1F5F100480880 /* SwiftUIConceptsTests.swift */ = {isa = PBXFileReference; lastKnownFileType = sourcecode.swift; path = SwiftUIConceptsTests.swift; sourceTree = "<group>"; };
		EEB895A12AA1F5F100480880 /* SwiftUIConceptsUITests.xctest */ = {isa = PBXFileReference; explicitFileType = wrapper.cfbundle; includeInIndex = 0; path = SwiftUIConceptsUITests.xctest; sourceTree = BUILT_PRODUCTS_DIR; };
		EEB895A52AA1F5F100480880 /* SwiftUIConceptsUITests.swift */ = {isa = PBXFileReference; lastKnownFileType = sourcecode.swift; path = SwiftUIConceptsUITests.swift; sourceTree = "<group>"; };
		EEB895A72AA1F5F100480880 /* SwiftUIConceptsUITestsLaunchTests.swift */ = {isa = PBXFileReference; lastKnownFileType = sourcecode.swift; path = SwiftUIConceptsUITestsLaunchTests.swift; sourceTree = "<group>"; };
		EEB895B42AA1F64500480880 /* SwiftUIViewObserv.swift */ = {isa = PBXFileReference; lastKnownFileType = sourcecode.swift; path = SwiftUIViewObserv.swift; sourceTree = "<group>"; };
		EEB895B62AA1F85D00480880 /* SwiftUIViewObserv_Error.swift */ = {isa = PBXFileReference; lastKnownFileType = sourcecode.swift; path = SwiftUIViewObserv_Error.swift; sourceTree = "<group>"; };
/* End PBXFileReference section */

/* Begin PBXFrameworksBuildPhase section */
		EEB895842AA1F5ED00480880 /* Frameworks */ = {
			isa = PBXFrameworksBuildPhase;
			buildActionMask = 2147483647;
			files = (
			);
			runOnlyForDeploymentPostprocessing = 0;
		};
		EEB895942AA1F5F000480880 /* Frameworks */ = {
			isa = PBXFrameworksBuildPhase;
			buildActionMask = 2147483647;
			files = (
			);
			runOnlyForDeploymentPostprocessing = 0;
		};
		EEB8959E2AA1F5F100480880 /* Frameworks */ = {
			isa = PBXFrameworksBuildPhase;
			buildActionMask = 2147483647;
			files = (
			);
			runOnlyForDeploymentPostprocessing = 0;
		};
/* End PBXFrameworksBuildPhase section */

/* Begin PBXGroup section */
		EEB8957E2AA1F5ED00480880 = {
			isa = PBXGroup;
			children = (
				EEB895892AA1F5ED00480880 /* SwiftUIConcepts */,
				EEB8959A2AA1F5F100480880 /* SwiftUIConceptsTests */,
				EEB895A42AA1F5F100480880 /* SwiftUIConceptsUITests */,
				EEB895882AA1F5ED00480880 /* Products */,
			);
			sourceTree = "<group>";
		};
		EEB895882AA1F5ED00480880 /* Products */ = {
			isa = PBXGroup;
			children = (
				EEB895872AA1F5ED00480880 /* SwiftUIConcepts.app */,
				EEB895972AA1F5F000480880 /* SwiftUIConceptsTests.xctest */,
				EEB895A12AA1F5F100480880 /* SwiftUIConceptsUITests.xctest */,
			);
			name = Products;
			sourceTree = "<group>";
		};
		EEB895892AA1F5ED00480880 /* SwiftUIConcepts */ = {
			isa = PBXGroup;
			children = (
				EEB8958A2AA1F5ED00480880 /* SwiftUIConceptsApp.swift */,
				EEB8958C2AA1F5ED00480880 /* ContentView.swift */,
				EEB895B42AA1F64500480880 /* SwiftUIViewObserv.swift */,
				EEB895B62AA1F85D00480880 /* SwiftUIViewObserv_Error.swift */,
				EEB8958E2AA1F5F000480880 /* Assets.xcassets */,
				EEB895902AA1F5F000480880 /* Preview Content */,
			);
			path = SwiftUIConcepts;
			sourceTree = "<group>";
		};
		EEB895902AA1F5F000480880 /* Preview Content */ = {
			isa = PBXGroup;
			children = (
				EEB895912AA1F5F000480880 /* Preview Assets.xcassets */,
			);
			path = "Preview Content";
			sourceTree = "<group>";
		};
		EEB8959A2AA1F5F100480880 /* SwiftUIConceptsTests */ = {
			isa = PBXGroup;
			children = (
				EEB8959B2AA1F5F100480880 /* SwiftUIConceptsTests.swift */,
			);
			path = SwiftUIConceptsTests;
			sourceTree = "<group>";
		};
		EEB895A42AA1F5F100480880 /* SwiftUIConceptsUITests */ = {
			isa = PBXGroup;
			children = (
				EEB895A52AA1F5F100480880 /* SwiftUIConceptsUITests.swift */,
				EEB895A72AA1F5F100480880 /* SwiftUIConceptsUITestsLaunchTests.swift */,
			);
			path = SwiftUIConceptsUITests;
			sourceTree = "<group>";
		};
/* End PBXGroup section */

/* Begin PBXNativeTarget section */
		EEB895862AA1F5ED00480880 /* SwiftUIConcepts */ = {
			isa = PBXNativeTarget;
			buildConfigurationList = EEB895AB2AA1F5F100480880 /* Build configuration list for PBXNativeTarget "SwiftUIConcepts" */;
			buildPhases = (
				EEB895832AA1F5ED00480880 /* Sources */,
				EEB895842AA1F5ED00480880 /* Frameworks */,
				EEB895852AA1F5ED00480880 /* Resources */,
			);
			buildRules = (
			);
			dependencies = (
			);
			name = SwiftUIConcepts;
			productName = SwiftUIConcepts;
			productReference = EEB895872AA1F5ED00480880 /* SwiftUIConcepts.app */;
			productType = "com.apple.product-type.application";
		};
		EEB895962AA1F5F000480880 /* SwiftUIConceptsTests */ = {
			isa = PBXNativeTarget;
			buildConfigurationList = EEB895AE2AA1F5F100480880 /* Build configuration list for PBXNativeTarget "SwiftUIConceptsTests" */;
			buildPhases = (
				EEB895932AA1F5F000480880 /* Sources */,
				EEB895942AA1F5F000480880 /* Frameworks */,
				EEB895952AA1F5F000480880 /* Resources */,
			);
			buildRules = (
			);
			dependencies = (
				EEB895992AA1F5F000480880 /* PBXTargetDependency */,
			);
			name = SwiftUIConceptsTests;
			productName = SwiftUIConceptsTests;
			productReference = EEB895972AA1F5F000480880 /* SwiftUIConceptsTests.xctest */;
			productType = "com.apple.product-type.bundle.unit-test";
		};
		EEB895A02AA1F5F100480880 /* SwiftUIConceptsUITests */ = {
			isa = PBXNativeTarget;
			buildConfigurationList = EEB895B12AA1F5F100480880 /* Build configuration list for PBXNativeTarget "SwiftUIConceptsUITests" */;
			buildPhases = (
				EEB8959D2AA1F5F100480880 /* Sources */,
				EEB8959E2AA1F5F100480880 /* Frameworks */,
				EEB8959F2AA1F5F100480880 /* Resources */,
			);
			buildRules = (
			);
			dependencies = (
				EEB895A32AA1F5F100480880 /* PBXTargetDependency */,
			);
			name = SwiftUIConceptsUITests;
			productName = SwiftUIConceptsUITests;
			productReference = EEB895A12AA1F5F100480880 /* SwiftUIConceptsUITests.xctest */;
			productType = "com.apple.product-type.bundle.ui-testing";
		};
/* End PBXNativeTarget section */

/* Begin PBXProject section */
		EEB8957F2AA1F5ED00480880 /* Project object */ = {
			isa = PBXProject;
			attributes = {
				BuildIndependentTargetsInParallel = 1;
				LastSwiftUpdateCheck = 1430;
				LastUpgradeCheck = 1430;
				TargetAttributes = {
					EEB895862AA1F5ED00480880 = {
						CreatedOnToolsVersion = 14.3.1;
					};
					EEB895962AA1F5F000480880 = {
						CreatedOnToolsVersion = 14.3.1;
						TestTargetID = EEB895862AA1F5ED00480880;
					};
					EEB895A02AA1F5F100480880 = {
						CreatedOnToolsVersion = 14.3.1;
						TestTargetID = EEB895862AA1F5ED00480880;
					};
				};
			};
			buildConfigurationList = EEB895822AA1F5ED00480880 /* Build configuration list for PBXProject "SwiftUIConcepts" */;
			compatibilityVersion = "Xcode 14.0";
			developmentRegion = en;
			hasScannedForEncodings = 0;
			knownRegions = (
				en,
				Base,
			);
			mainGroup = EEB8957E2AA1F5ED00480880;
			productRefGroup = EEB895882AA1F5ED00480880 /* Products */;
			projectDirPath = "";
			projectRoot = "";
			targets = (
				EEB895862AA1F5ED00480880 /* SwiftUIConcepts */,
				EEB895962AA1F5F000480880 /* SwiftUIConceptsTests */,
				EEB895A02AA1F5F100480880 /* SwiftUIConceptsUITests */,
			);
		};
/* End PBXProject section */

/* Begin PBXResourcesBuildPhase section */
		EEB895852AA1F5ED00480880 /* Resources */ = {
			isa = PBXResourcesBuildPhase;
			buildActionMask = 2147483647;
			files = (
				EEB895922AA1F5F000480880 /* Preview Assets.xcassets in Resources */,
				EEB8958F2AA1F5F000480880 /* Assets.xcassets in Resources */,
			);
			runOnlyForDeploymentPostprocessing = 0;
		};
		EEB895952AA1F5F000480880 /* Resources */ = {
			isa = PBXResourcesBuildPhase;
			buildActionMask = 2147483647;
			files = (
			);
			runOnlyForDeploymentPostprocessing = 0;
		};
		EEB8959F2AA1F5F100480880 /* Resources */ = {
			isa = PBXResourcesBuildPhase;
			buildActionMask = 2147483647;
			files = (
			);
			runOnlyForDeploymentPostprocessing = 0;
		};
/* End PBXResourcesBuildPhase section */

/* Begin PBXSourcesBuildPhase section */
		EEB895832AA1F5ED00480880 /* Sources */ = {
			isa = PBXSourcesBuildPhase;
			buildActionMask = 2147483647;
			files = (
				EEB895B72AA1F85D00480880 /* SwiftUIViewObserv_Error.swift in Sources */,
				EEB8958D2AA1F5ED00480880 /* ContentView.swift in Sources */,
				EEB895B52AA1F64500480880 /* SwiftUIViewObserv.swift in Sources */,
				EEB8958B2AA1F5ED00480880 /* SwiftUIConceptsApp.swift in Sources */,
			);
			runOnlyForDeploymentPostprocessing = 0;
		};
		EEB895932AA1F5F000480880 /* Sources */ = {
			isa = PBXSourcesBuildPhase;
			buildActionMask = 2147483647;
			files = (
				EEB8959C2AA1F5F100480880 /* SwiftUIConceptsTests.swift in Sources */,
			);
			runOnlyForDeploymentPostprocessing = 0;
		};
		EEB8959D2AA1F5F100480880 /* Sources */ = {
			isa = PBXSourcesBuildPhase;
			buildActionMask = 2147483647;
			files = (
				EEB895A62AA1F5F100480880 /* SwiftUIConceptsUITests.swift in Sources */,
				EEB895A82AA1F5F100480880 /* SwiftUIConceptsUITestsLaunchTests.swift in Sources */,
			);
			runOnlyForDeploymentPostprocessing = 0;
		};
/* End PBXSourcesBuildPhase section */

/* Begin PBXTargetDependency section */
		EEB895992AA1F5F000480880 /* PBXTargetDependency */ = {
			isa = PBXTargetDependency;
			target = EEB895862AA1F5ED00480880 /* SwiftUIConcepts */;
			targetProxy = EEB895982AA1F5F000480880 /* PBXContainerItemProxy */;
		};
		EEB895A32AA1F5F100480880 /* PBXTargetDependency */ = {
			isa = PBXTargetDependency;
			target = EEB895862AA1F5ED00480880 /* SwiftUIConcepts */;
			targetProxy = EEB895A22AA1F5F100480880 /* PBXContainerItemProxy */;
		};
/* End PBXTargetDependency section */

/* Begin XCBuildConfiguration section */
		EEB895A92AA1F5F100480880 /* Debug */ = {
			isa = XCBuildConfiguration;
			buildSettings = {
				ALWAYS_SEARCH_USER_PATHS = NO;
				CLANG_ANALYZER_NONNULL = YES;
				CLANG_ANALYZER_NUMBER_OBJECT_CONVERSION = YES_AGGRESSIVE;
				CLANG_CXX_LANGUAGE_STANDARD = "gnu++20";
				CLANG_ENABLE_MODULES = YES;
				CLANG_ENABLE_OBJC_ARC = YES;
				CLANG_ENABLE_OBJC_WEAK = YES;
				CLANG_WARN_BLOCK_CAPTURE_AUTORELEASING = YES;
				CLANG_WARN_BOOL_CONVERSION = YES;
				CLANG_WARN_COMMA = YES;
				CLANG_WARN_CONSTANT_CONVERSION = YES;
				CLANG_WARN_DEPRECATED_OBJC_IMPLEMENTATIONS = YES;
				CLANG_WARN_DIRECT_OBJC_ISA_USAGE = YES_ERROR;
				CLANG_WARN_DOCUMENTATION_COMMENTS = YES;
				CLANG_WARN_EMPTY_BODY = YES;
				CLANG_WARN_ENUM_CONVERSION = YES;
				CLANG_WARN_INFINITE_RECURSION = YES;
				CLANG_WARN_INT_CONVERSION = YES;
				CLANG_WARN_NON_LITERAL_NULL_CONVERSION = YES;
				CLANG_WARN_OBJC_IMPLICIT_RETAIN_SELF = YES;
				CLANG_WARN_OBJC_LITERAL_CONVERSION = YES;
				CLANG_WARN_OBJC_ROOT_CLASS = YES_ERROR;
				CLANG_WARN_QUOTED_INCLUDE_IN_FRAMEWORK_HEADER = YES;
				CLANG_WARN_RANGE_LOOP_ANALYSIS = YES;
				CLANG_WARN_STRICT_PROTOTYPES = YES;
				CLANG_WARN_SUSPICIOUS_MOVE = YES;
				CLANG_WARN_UNGUARDED_AVAILABILITY = YES_AGGRESSIVE;
				CLANG_WARN_UNREACHABLE_CODE = YES;
				CLANG_WARN__DUPLICATE_METHOD_MATCH = YES;
				COPY_PHASE_STRIP = NO;
				DEBUG_INFORMATION_FORMAT = dwarf;
				ENABLE_STRICT_OBJC_MSGSEND = YES;
				ENABLE_TESTABILITY = YES;
				GCC_C_LANGUAGE_STANDARD = gnu11;
				GCC_DYNAMIC_NO_PIC = NO;
				GCC_NO_COMMON_BLOCKS = YES;
				GCC_OPTIMIZATION_LEVEL = 0;
				GCC_PREPROCESSOR_DEFINITIONS = (
					"DEBUG=1",
					"$(inherited)",
				);
				GCC_WARN_64_TO_32_BIT_CONVERSION = YES;
				GCC_WARN_ABOUT_RETURN_TYPE = YES_ERROR;
				GCC_WARN_UNDECLARED_SELECTOR = YES;
				GCC_WARN_UNINITIALIZED_AUTOS = YES_AGGRESSIVE;
				GCC_WARN_UNUSED_FUNCTION = YES;
				GCC_WARN_UNUSED_VARIABLE = YES;
				IPHONEOS_DEPLOYMENT_TARGET = 16.4;
				MTL_ENABLE_DEBUG_INFO = INCLUDE_SOURCE;
				MTL_FAST_MATH = YES;
				ONLY_ACTIVE_ARCH = YES;
				SDKROOT = iphoneos;
				SWIFT_ACTIVE_COMPILATION_CONDITIONS = DEBUG;
				SWIFT_OPTIMIZATION_LEVEL = "-Onone";
			};
			name = Debug;
		};
		EEB895AA2AA1F5F100480880 /* Release */ = {
			isa = XCBuildConfiguration;
			buildSettings = {
				ALWAYS_SEARCH_USER_PATHS = NO;
				CLANG_ANALYZER_NONNULL = YES;
				CLANG_ANALYZER_NUMBER_OBJECT_CONVERSION = YES_AGGRESSIVE;
				CLANG_CXX_LANGUAGE_STANDARD = "gnu++20";
				CLANG_ENABLE_MODULES = YES;
				CLANG_ENABLE_OBJC_ARC = YES;
				CLANG_ENABLE_OBJC_WEAK = YES;
				CLANG_WARN_BLOCK_CAPTURE_AUTORELEASING = YES;
				CLANG_WARN_BOOL_CONVERSION = YES;
				CLANG_WARN_COMMA = YES;
				CLANG_WARN_CONSTANT_CONVERSION = YES;
				CLANG_WARN_DEPRECATED_OBJC_IMPLEMENTATIONS = YES;
				CLANG_WARN_DIRECT_OBJC_ISA_USAGE = YES_ERROR;
				CLANG_WARN_DOCUMENTATION_COMMENTS = YES;
				CLANG_WARN_EMPTY_BODY = YES;
				CLANG_WARN_ENUM_CONVERSION = YES;
				CLANG_WARN_INFINITE_RECURSION = YES;
				CLANG_WARN_INT_CONVERSION = YES;
				CLANG_WARN_NON_LITERAL_NULL_CONVERSION = YES;
				CLANG_WARN_OBJC_IMPLICIT_RETAIN_SELF = YES;
				CLANG_WARN_OBJC_LITERAL_CONVERSION = YES;
				CLANG_WARN_OBJC_ROOT_CLASS = YES_ERROR;
				CLANG_WARN_QUOTED_INCLUDE_IN_FRAMEWORK_HEADER = YES;
				CLANG_WARN_RANGE_LOOP_ANALYSIS = YES;
				CLANG_WARN_STRICT_PROTOTYPES = YES;
				CLANG_WARN_SUSPICIOUS_MOVE = YES;
				CLANG_WARN_UNGUARDED_AVAILABILITY = YES_AGGRESSIVE;
				CLANG_WARN_UNREACHABLE_CODE = YES;
				CLANG_WARN__DUPLICATE_METHOD_MATCH = YES;
				COPY_PHASE_STRIP = NO;
				DEBUG_INFORMATION_FORMAT = "dwarf-with-dsym";
				ENABLE_NS_ASSERTIONS = NO;
				ENABLE_STRICT_OBJC_MSGSEND = YES;
				GCC_C_LANGUAGE_STANDARD = gnu11;
				GCC_NO_COMMON_BLOCKS = YES;
				GCC_WARN_64_TO_32_BIT_CONVERSION = YES;
				GCC_WARN_ABOUT_RETURN_TYPE = YES_ERROR;
				GCC_WARN_UNDECLARED_SELECTOR = YES;
				GCC_WARN_UNINITIALIZED_AUTOS = YES_AGGRESSIVE;
				GCC_WARN_UNUSED_FUNCTION = YES;
				GCC_WARN_UNUSED_VARIABLE = YES;
				IPHONEOS_DEPLOYMENT_TARGET = 16.4;
				MTL_ENABLE_DEBUG_INFO = NO;
				MTL_FAST_MATH = YES;
				SDKROOT = iphoneos;
				SWIFT_COMPILATION_MODE = wholemodule;
				SWIFT_OPTIMIZATION_LEVEL = "-O";
				VALIDATE_PRODUCT = YES;
			};
			name = Release;
		};
		EEB895AC2AA1F5F100480880 /* Debug */ = {
			isa = XCBuildConfiguration;
			buildSettings = {
				ASSETCATALOG_COMPILER_APPICON_NAME = AppIcon;
				ASSETCATALOG_COMPILER_GLOBAL_ACCENT_COLOR_NAME = AccentColor;
				CODE_SIGN_STYLE = Automatic;
				CURRENT_PROJECT_VERSION = 1;
				DEVELOPMENT_ASSET_PATHS = "\"SwiftUIConcepts/Preview Content\"";
				ENABLE_PREVIEWS = YES;
				GENERATE_INFOPLIST_FILE = YES;
				INFOPLIST_KEY_UIApplicationSceneManifest_Generation = YES;
				INFOPLIST_KEY_UIApplicationSupportsIndirectInputEvents = YES;
				INFOPLIST_KEY_UILaunchScreen_Generation = YES;
				INFOPLIST_KEY_UISupportedInterfaceOrientations_iPad = "UIInterfaceOrientationPortrait UIInterfaceOrientationPortraitUpsideDown UIInterfaceOrientationLandscapeLeft UIInterfaceOrientationLandscapeRight";
				INFOPLIST_KEY_UISupportedInterfaceOrientations_iPhone = "UIInterfaceOrientationPortrait UIInterfaceOrientationLandscapeLeft UIInterfaceOrientationLandscapeRight";
				LD_RUNPATH_SEARCH_PATHS = (
					"$(inherited)",
					"@executable_path/Frameworks",
				);
				MARKETING_VERSION = 1.0;
				PRODUCT_BUNDLE_IDENTIFIER = com.home.SwiftUIConcepts;
				PRODUCT_NAME = "$(TARGET_NAME)";
				SWIFT_EMIT_LOC_STRINGS = YES;
				SWIFT_VERSION = 5.0;
				TARGETED_DEVICE_FAMILY = "1,2";
			};
			name = Debug;
		};
		EEB895AD2AA1F5F100480880 /* Release */ = {
			isa = XCBuildConfiguration;
			buildSettings = {
				ASSETCATALOG_COMPILER_APPICON_NAME = AppIcon;
				ASSETCATALOG_COMPILER_GLOBAL_ACCENT_COLOR_NAME = AccentColor;
				CODE_SIGN_STYLE = Automatic;
				CURRENT_PROJECT_VERSION = 1;
				DEVELOPMENT_ASSET_PATHS = "\"SwiftUIConcepts/Preview Content\"";
				ENABLE_PREVIEWS = YES;
				GENERATE_INFOPLIST_FILE = YES;
				INFOPLIST_KEY_UIApplicationSceneManifest_Generation = YES;
				INFOPLIST_KEY_UIApplicationSupportsIndirectInputEvents = YES;
				INFOPLIST_KEY_UILaunchScreen_Generation = YES;
				INFOPLIST_KEY_UISupportedInterfaceOrientations_iPad = "UIInterfaceOrientationPortrait UIInterfaceOrientationPortraitUpsideDown UIInterfaceOrientationLandscapeLeft UIInterfaceOrientationLandscapeRight";
				INFOPLIST_KEY_UISupportedInterfaceOrientations_iPhone = "UIInterfaceOrientationPortrait UIInterfaceOrientationLandscapeLeft UIInterfaceOrientationLandscapeRight";
				LD_RUNPATH_SEARCH_PATHS = (
					"$(inherited)",
					"@executable_path/Frameworks",
				);
				MARKETING_VERSION = 1.0;
				PRODUCT_BUNDLE_IDENTIFIER = com.home.SwiftUIConcepts;
				PRODUCT_NAME = "$(TARGET_NAME)";
				SWIFT_EMIT_LOC_STRINGS = YES;
				SWIFT_VERSION = 5.0;
				TARGETED_DEVICE_FAMILY = "1,2";
			};
			name = Release;
		};
		EEB895AF2AA1F5F100480880 /* Debug */ = {
			isa = XCBuildConfiguration;
			buildSettings = {
				ALWAYS_EMBED_SWIFT_STANDARD_LIBRARIES = YES;
				BUNDLE_LOADER = "$(TEST_HOST)";
				CODE_SIGN_STYLE = Automatic;
				CURRENT_PROJECT_VERSION = 1;
				GENERATE_INFOPLIST_FILE = YES;
				IPHONEOS_DEPLOYMENT_TARGET = 16.4;
				MARKETING_VERSION = 1.0;
				PRODUCT_BUNDLE_IDENTIFIER = com.home.SwiftUIConceptsTests;
				PRODUCT_NAME = "$(TARGET_NAME)";
				SWIFT_EMIT_LOC_STRINGS = NO;
				SWIFT_VERSION = 5.0;
				TARGETED_DEVICE_FAMILY = "1,2";
				TEST_HOST = "$(BUILT_PRODUCTS_DIR)/SwiftUIConcepts.app/$(BUNDLE_EXECUTABLE_FOLDER_PATH)/SwiftUIConcepts";
			};
			name = Debug;
		};
		EEB895B02AA1F5F100480880 /* Release */ = {
			isa = XCBuildConfiguration;
			buildSettings = {
				ALWAYS_EMBED_SWIFT_STANDARD_LIBRARIES = YES;
				BUNDLE_LOADER = "$(TEST_HOST)";
				CODE_SIGN_STYLE = Automatic;
				CURRENT_PROJECT_VERSION = 1;
				GENERATE_INFOPLIST_FILE = YES;
				IPHONEOS_DEPLOYMENT_TARGET = 16.4;
				MARKETING_VERSION = 1.0;
				PRODUCT_BUNDLE_IDENTIFIER = com.home.SwiftUIConceptsTests;
				PRODUCT_NAME = "$(TARGET_NAME)";
				SWIFT_EMIT_LOC_STRINGS = NO;
				SWIFT_VERSION = 5.0;
				TARGETED_DEVICE_FAMILY = "1,2";
				TEST_HOST = "$(BUILT_PRODUCTS_DIR)/SwiftUIConcepts.app/$(BUNDLE_EXECUTABLE_FOLDER_PATH)/SwiftUIConcepts";
			};
			name = Release;
		};
		EEB895B22AA1F5F100480880 /* Debug */ = {
			isa = XCBuildConfiguration;
			buildSettings = {
				ALWAYS_EMBED_SWIFT_STANDARD_LIBRARIES = YES;
				CODE_SIGN_STYLE = Automatic;
				CURRENT_PROJECT_VERSION = 1;
				GENERATE_INFOPLIST_FILE = YES;
				MARKETING_VERSION = 1.0;
				PRODUCT_BUNDLE_IDENTIFIER = com.home.SwiftUIConceptsUITests;
				PRODUCT_NAME = "$(TARGET_NAME)";
				SWIFT_EMIT_LOC_STRINGS = NO;
				SWIFT_VERSION = 5.0;
				TARGETED_DEVICE_FAMILY = "1,2";
				TEST_TARGET_NAME = SwiftUIConcepts;
			};
			name = Debug;
		};
		EEB895B32AA1F5F100480880 /* Release */ = {
			isa = XCBuildConfiguration;
			buildSettings = {
				ALWAYS_EMBED_SWIFT_STANDARD_LIBRARIES = YES;
				CODE_SIGN_STYLE = Automatic;
				CURRENT_PROJECT_VERSION = 1;
				GENERATE_INFOPLIST_FILE = YES;
				MARKETING_VERSION = 1.0;
				PRODUCT_BUNDLE_IDENTIFIER = com.home.SwiftUIConceptsUITests;
				PRODUCT_NAME = "$(TARGET_NAME)";
				SWIFT_EMIT_LOC_STRINGS = NO;
				SWIFT_VERSION = 5.0;
				TARGETED_DEVICE_FAMILY = "1,2";
				TEST_TARGET_NAME = SwiftUIConcepts;
			};
			name = Release;
		};
/* End XCBuildConfiguration section */

/* Begin XCConfigurationList section */
		EEB895822AA1F5ED00480880 /* Build configuration list for PBXProject "SwiftUIConcepts" */ = {
			isa = XCConfigurationList;
			buildConfigurations = (
				EEB895A92AA1F5F100480880 /* Debug */,
				EEB895AA2AA1F5F100480880 /* Release */,
			);
			defaultConfigurationIsVisible = 0;
			defaultConfigurationName = Release;
		};
		EEB895AB2AA1F5F100480880 /* Build configuration list for PBXNativeTarget "SwiftUIConcepts" */ = {
			isa = XCConfigurationList;
			buildConfigurations = (
				EEB895AC2AA1F5F100480880 /* Debug */,
				EEB895AD2AA1F5F100480880 /* Release */,
			);
			defaultConfigurationIsVisible = 0;
			defaultConfigurationName = Release;
		};
		EEB895AE2AA1F5F100480880 /* Build configuration list for PBXNativeTarget "SwiftUIConceptsTests" */ = {
			isa = XCConfigurationList;
			buildConfigurations = (
				EEB895AF2AA1F5F100480880 /* Debug */,
				EEB895B02AA1F5F100480880 /* Release */,
			);
			defaultConfigurationIsVisible = 0;
			defaultConfigurationName = Release;
		};
		EEB895B12AA1F5F100480880 /* Build configuration list for PBXNativeTarget "SwiftUIConceptsUITests" */ = {
			isa = XCConfigurationList;
			buildConfigurations = (
				EEB895B22AA1F5F100480880 /* Debug */,
				EEB895B32AA1F5F100480880 /* Release */,
			);
			defaultConfigurationIsVisible = 0;
			defaultConfigurationName = Release;
		};
/* End XCConfigurationList section */
	};
	rootObject = EEB8957F2AA1F5ED00480880 /* Project object */;
}
